
Microsoft Visual Studio Solution File, Format Version 12.00
# Visual Studio Version 17
VisualStudioVersion = 17.11.35222.181
MinimumVisualStudioVersion = 10.0.40219.1
Project("{9A19103F-16F7-4668-BE54-9A1E7A4F7556}") = "SahiHisabAPI", "SahiHisabAPI.csproj", "{A81FF7ED-BE55-4C74-A5E4-9338A8ADF160}"
EndProject
Global
	GlobalSection(SolutionConfigurationPlatforms) = preSolution
		Debug|Any CPU = Debug|Any CPU
		Release|Any CPU = Release|Any CPU
	EndGlobalSection
	GlobalSection(ProjectConfigurationPlatforms) = postSolution
		{A81FF7ED-BE55-4C74-A5E4-9338A8ADF160}.Debug|Any CPU.ActiveCfg = Debug|Any CPU
		{A81FF7ED-BE55-4C74-A5E4-9338A8ADF160}.Debug|Any CPU.Build.0 = Debug|Any CPU
		{A81FF7ED-BE55-4C74-A5E4-9338A8ADF160}.Release|Any CPU.ActiveCfg = Release|Any CPU
		{A81FF7ED-BE55-4C74-A5E4-9338A8ADF160}.Release|Any CPU.Build.0 = Release|Any CPU
	EndGlobalSection
	GlobalSection(SolutionProperties) = preSolution
		HideSolutionNode = FALSE
	EndGlobalSection
	GlobalSection(ExtensibilityGlobals) = postSolution
		SolutionGuid = {79F0B0AA-8E2F-4522-94AD-F2C13C72F442}
	EndGlobalSection
EndGlobal
